
Microsoft Visual Studio Solution File, Format Version 12.00
# Visual Studio Version 16
VisualStudioVersion = 16.0.31025.194
MinimumVisualStudioVersion = 10.0.40219.1
Project("{9A19103F-16F7-4668-BE54-9A1E7A4F7556}") = "Minedraft", "Minedraft.csproj", "{B250604F-50F2-4E90-9747-B0CFE62D7216}"
EndProject
Global
	GlobalSection(SolutionConfigurationPlatforms) = preSolution
		Debug|Any CPU = Debug|Any CPU
		Release|Any CPU = Release|Any CPU
	EndGlobalSection
	GlobalSection(ProjectConfigurationPlatforms) = postSolution
		{B250604F-50F2-4E90-9747-B0CFE62D7216}.Debug|Any CPU.ActiveCfg = Debug|Any CPU
		{B250604F-50F2-4E90-9747-B0CFE62D7216}.Debug|Any CPU.Build.0 = Debug|Any CPU
		{B250604F-50F2-4E90-9747-B0CFE62D7216}.Release|Any CPU.ActiveCfg = Release|Any CPU
		{B250604F-50F2-4E90-9747-B0CFE62D7216}.Release|Any CPU.Build.0 = Release|Any CPU
	EndGlobalSection
	GlobalSection(SolutionProperties) = preSolution
		HideSolutionNode = FALSE
	EndGlobalSection
	GlobalSection(ExtensibilityGlobals) = postSolution
		SolutionGuid = {2B3827A9-1E19-4280-A80E-A2364ADFEF87}
	EndGlobalSection
EndGlobal
