
Microsoft Visual Studio Solution File, Format Version 12.00
# Visual Studio Version 16
VisualStudioVersion = 16.0.31025.194
MinimumVisualStudioVersion = 10.0.40219.1
Project("{9A19103F-16F7-4668-BE54-9A1E7A4F7556}") = "TheTankGame.Tests", "TheTankGame.Tests.csproj", "{28B7355C-6BC4-4BA2-ADA3-1DC96FF0B53A}"
EndProject
Project("{9A19103F-16F7-4668-BE54-9A1E7A4F7556}") = "TheTankGame", "..\TheTankGame.csproj", "{4372FEC6-7ED6-4F31-80D4-F893D29130F9}"
EndProject
Global
	GlobalSection(SolutionConfigurationPlatforms) = preSolution
		Debug|Any CPU = Debug|Any CPU
		Release|Any CPU = Release|Any CPU
	EndGlobalSection
	GlobalSection(ProjectConfigurationPlatforms) = postSolution
		{28B7355C-6BC4-4BA2-ADA3-1DC96FF0B53A}.Debug|Any CPU.ActiveCfg = Debug|Any CPU
		{28B7355C-6BC4-4BA2-ADA3-1DC96FF0B53A}.Debug|Any CPU.Build.0 = Debug|Any CPU
		{28B7355C-6BC4-4BA2-ADA3-1DC96FF0B53A}.Release|Any CPU.ActiveCfg = Release|Any CPU
		{28B7355C-6BC4-4BA2-ADA3-1DC96FF0B53A}.Release|Any CPU.Build.0 = Release|Any CPU
		{4372FEC6-7ED6-4F31-80D4-F893D29130F9}.Debug|Any CPU.ActiveCfg = Debug|Any CPU
		{4372FEC6-7ED6-4F31-80D4-F893D29130F9}.Debug|Any CPU.Build.0 = Debug|Any CPU
		{4372FEC6-7ED6-4F31-80D4-F893D29130F9}.Release|Any CPU.ActiveCfg = Release|Any CPU
		{4372FEC6-7ED6-4F31-80D4-F893D29130F9}.Release|Any CPU.Build.0 = Release|Any CPU
	EndGlobalSection
	GlobalSection(SolutionProperties) = preSolution
		HideSolutionNode = FALSE
	EndGlobalSection
	GlobalSection(ExtensibilityGlobals) = postSolution
		SolutionGuid = {E6D43718-2776-4EB7-8A60-395983FB152E}
	EndGlobalSection
EndGlobal
