
Microsoft Visual Studio Solution File, Format Version 12.00
# Visual Studio Version 16
VisualStudioVersion = 16.0.31025.194
MinimumVisualStudioVersion = 10.0.40219.1
Project("{9A19103F-16F7-4668-BE54-9A1E7A4F7556}") = "Loggers", "Logger\Loggers.csproj", "{9138CF70-7AE6-4507-967B-9C274A8DE5BC}"
EndProject
Global
	GlobalSection(SolutionConfigurationPlatforms) = preSolution
		Debug|Any CPU = Debug|Any CPU
		Release|Any CPU = Release|Any CPU
	EndGlobalSection
	GlobalSection(ProjectConfigurationPlatforms) = postSolution
		{9138CF70-7AE6-4507-967B-9C274A8DE5BC}.Debug|Any CPU.ActiveCfg = Debug|Any CPU
		{9138CF70-7AE6-4507-967B-9C274A8DE5BC}.Debug|Any CPU.Build.0 = Debug|Any CPU
		{9138CF70-7AE6-4507-967B-9C274A8DE5BC}.Release|Any CPU.ActiveCfg = Release|Any CPU
		{9138CF70-7AE6-4507-967B-9C274A8DE5BC}.Release|Any CPU.Build.0 = Release|Any CPU
	EndGlobalSection
	GlobalSection(SolutionProperties) = preSolution
		HideSolutionNode = FALSE
	EndGlobalSection
	GlobalSection(ExtensibilityGlobals) = postSolution
		SolutionGuid = {0717D764-F571-4ECE-98F8-830C24AEE1DB}
	EndGlobalSection
EndGlobal
