
Microsoft Visual Studio Solution File, Format Version 12.00
# Visual Studio Version 16
VisualStudioVersion = 16.0.31025.194
MinimumVisualStudioVersion = 10.0.40219.1
Project("{FAE04EC0-301F-11D3-BF4B-00C04F79EFBC}") = "Shapes", "Shapes\Shapes.csproj", "{BA4BFAF5-A5A0-47F3-A356-8B820376F9CF}"
EndProject
Project("{FAE04EC0-301F-11D3-BF4B-00C04F79EFBC}") = "Cars", "Cars\Cars.csproj", "{5C28F80B-E24E-40F8-AC25-C003DB5FEF94}"
EndProject
Global
	GlobalSection(SolutionConfigurationPlatforms) = preSolution
		Debug|Any CPU = Debug|Any CPU
		Release|Any CPU = Release|Any CPU
	EndGlobalSection
	GlobalSection(ProjectConfigurationPlatforms) = postSolution
		{BA4BFAF5-A5A0-47F3-A356-8B820376F9CF}.Debug|Any CPU.ActiveCfg = Debug|Any CPU
		{BA4BFAF5-A5A0-47F3-A356-8B820376F9CF}.Debug|Any CPU.Build.0 = Debug|Any CPU
		{BA4BFAF5-A5A0-47F3-A356-8B820376F9CF}.Release|Any CPU.ActiveCfg = Release|Any CPU
		{BA4BFAF5-A5A0-47F3-A356-8B820376F9CF}.Release|Any CPU.Build.0 = Release|Any CPU
		{5C28F80B-E24E-40F8-AC25-C003DB5FEF94}.Debug|Any CPU.ActiveCfg = Debug|Any CPU
		{5C28F80B-E24E-40F8-AC25-C003DB5FEF94}.Debug|Any CPU.Build.0 = Debug|Any CPU
		{5C28F80B-E24E-40F8-AC25-C003DB5FEF94}.Release|Any CPU.ActiveCfg = Release|Any CPU
		{5C28F80B-E24E-40F8-AC25-C003DB5FEF94}.Release|Any CPU.Build.0 = Release|Any CPU
	EndGlobalSection
	GlobalSection(SolutionProperties) = preSolution
		HideSolutionNode = FALSE
	EndGlobalSection
	GlobalSection(ExtensibilityGlobals) = postSolution
		SolutionGuid = {CE527FFB-9805-4134-B9DD-DAA17FDE6ED8}
	EndGlobalSection
EndGlobal
