
Microsoft Visual Studio Solution File, Format Version 12.00
# Visual Studio Version 16
VisualStudioVersion = 16.0.31025.194
MinimumVisualStudioVersion = 10.0.40219.1
Project("{FAE04EC0-301F-11D3-BF4B-00C04F79EFBC}") = "BankAccount", "BankAccount\BankAccount.csproj", "{B3B27592-46D1-4CBE-8700-F1235A74464D}"
EndProject
Project("{FAE04EC0-301F-11D3-BF4B-00C04F79EFBC}") = "BankAccountMethods", "BankAccountMethods\BankAccountMethods.csproj", "{37B29676-5F29-4D89-996A-FFB9C82DC615}"
EndProject
Project("{FAE04EC0-301F-11D3-BF4B-00C04F79EFBC}") = "TestClient", "TestClient\TestClient.csproj", "{DB1C815B-CA4B-439F-B025-4238AED79F6A}"
EndProject
Project("{FAE04EC0-301F-11D3-BF4B-00C04F79EFBC}") = "PersonClass", "PersonClass\PersonClass.csproj", "{6C12C5BC-8128-44AA-9B86-D13B6F19C10F}"
EndProject
Global
	GlobalSection(SolutionConfigurationPlatforms) = preSolution
		Debug|Any CPU = Debug|Any CPU
		Release|Any CPU = Release|Any CPU
	EndGlobalSection
	GlobalSection(ProjectConfigurationPlatforms) = postSolution
		{B3B27592-46D1-4CBE-8700-F1235A74464D}.Debug|Any CPU.ActiveCfg = Debug|Any CPU
		{B3B27592-46D1-4CBE-8700-F1235A74464D}.Debug|Any CPU.Build.0 = Debug|Any CPU
		{B3B27592-46D1-4CBE-8700-F1235A74464D}.Release|Any CPU.ActiveCfg = Release|Any CPU
		{B3B27592-46D1-4CBE-8700-F1235A74464D}.Release|Any CPU.Build.0 = Release|Any CPU
		{37B29676-5F29-4D89-996A-FFB9C82DC615}.Debug|Any CPU.ActiveCfg = Debug|Any CPU
		{37B29676-5F29-4D89-996A-FFB9C82DC615}.Debug|Any CPU.Build.0 = Debug|Any CPU
		{37B29676-5F29-4D89-996A-FFB9C82DC615}.Release|Any CPU.ActiveCfg = Release|Any CPU
		{37B29676-5F29-4D89-996A-FFB9C82DC615}.Release|Any CPU.Build.0 = Release|Any CPU
		{DB1C815B-CA4B-439F-B025-4238AED79F6A}.Debug|Any CPU.ActiveCfg = Debug|Any CPU
		{DB1C815B-CA4B-439F-B025-4238AED79F6A}.Debug|Any CPU.Build.0 = Debug|Any CPU
		{DB1C815B-CA4B-439F-B025-4238AED79F6A}.Release|Any CPU.ActiveCfg = Release|Any CPU
		{DB1C815B-CA4B-439F-B025-4238AED79F6A}.Release|Any CPU.Build.0 = Release|Any CPU
		{6C12C5BC-8128-44AA-9B86-D13B6F19C10F}.Debug|Any CPU.ActiveCfg = Debug|Any CPU
		{6C12C5BC-8128-44AA-9B86-D13B6F19C10F}.Debug|Any CPU.Build.0 = Debug|Any CPU
		{6C12C5BC-8128-44AA-9B86-D13B6F19C10F}.Release|Any CPU.ActiveCfg = Release|Any CPU
		{6C12C5BC-8128-44AA-9B86-D13B6F19C10F}.Release|Any CPU.Build.0 = Release|Any CPU
	EndGlobalSection
	GlobalSection(SolutionProperties) = preSolution
		HideSolutionNode = FALSE
	EndGlobalSection
	GlobalSection(ExtensibilityGlobals) = postSolution
		SolutionGuid = {9817CD68-A288-4B0F-8CEB-68164FA7D83A}
	EndGlobalSection
EndGlobal
