
Microsoft Visual Studio Solution File, Format Version 12.00
# Visual Studio Version 16
VisualStudioVersion = 16.0.31025.194
MinimumVisualStudioVersion = 10.0.40219.1
Project("{9A19103F-16F7-4668-BE54-9A1E7A4F7556}") = "P01_HarvestingFields", "P01_HarvestingFields\P01_HarvestingFields.csproj", "{8713029B-1ACE-4631-87DF-C5220757DEE4}"
EndProject
Project("{9A19103F-16F7-4668-BE54-9A1E7A4F7556}") = "P02_BlackBoxInteger", "P02_BlackBoxInteger\P02_BlackBoxInteger.csproj", "{4052AE93-887B-47C9-9362-124443B5F8C1}"
EndProject
Project("{9A19103F-16F7-4668-BE54-9A1E7A4F7556}") = "P03_BarraksWars", "P03_BarraksWars\P03_BarraksWars.csproj", "{B1200CCC-9BE5-4FFE-9746-3BB070D32D69}"
EndProject
Global
	GlobalSection(SolutionConfigurationPlatforms) = preSolution
		Debug|Any CPU = Debug|Any CPU
		Release|Any CPU = Release|Any CPU
	EndGlobalSection
	GlobalSection(ProjectConfigurationPlatforms) = postSolution
		{8713029B-1ACE-4631-87DF-C5220757DEE4}.Debug|Any CPU.ActiveCfg = Debug|Any CPU
		{8713029B-1ACE-4631-87DF-C5220757DEE4}.Debug|Any CPU.Build.0 = Debug|Any CPU
		{8713029B-1ACE-4631-87DF-C5220757DEE4}.Release|Any CPU.ActiveCfg = Release|Any CPU
		{8713029B-1ACE-4631-87DF-C5220757DEE4}.Release|Any CPU.Build.0 = Release|Any CPU
		{4052AE93-887B-47C9-9362-124443B5F8C1}.Debug|Any CPU.ActiveCfg = Debug|Any CPU
		{4052AE93-887B-47C9-9362-124443B5F8C1}.Debug|Any CPU.Build.0 = Debug|Any CPU
		{4052AE93-887B-47C9-9362-124443B5F8C1}.Release|Any CPU.ActiveCfg = Release|Any CPU
		{4052AE93-887B-47C9-9362-124443B5F8C1}.Release|Any CPU.Build.0 = Release|Any CPU
		{B1200CCC-9BE5-4FFE-9746-3BB070D32D69}.Debug|Any CPU.ActiveCfg = Debug|Any CPU
		{B1200CCC-9BE5-4FFE-9746-3BB070D32D69}.Debug|Any CPU.Build.0 = Debug|Any CPU
		{B1200CCC-9BE5-4FFE-9746-3BB070D32D69}.Release|Any CPU.ActiveCfg = Release|Any CPU
		{B1200CCC-9BE5-4FFE-9746-3BB070D32D69}.Release|Any CPU.Build.0 = Release|Any CPU
	EndGlobalSection
	GlobalSection(SolutionProperties) = preSolution
		HideSolutionNode = FALSE
	EndGlobalSection
	GlobalSection(ExtensibilityGlobals) = postSolution
		SolutionGuid = {504DB417-E99D-4592-B312-84C6B3AC83AF}
	EndGlobalSection
EndGlobal
