
Microsoft Visual Studio Solution File, Format Version 12.00
# Visual Studio Version 16
VisualStudioVersion = 16.0.31025.194
MinimumVisualStudioVersion = 10.0.40219.1
Project("{9A19103F-16F7-4668-BE54-9A1E7A4F7556}") = "EventImplementation", "EventImplementation\EventImplementation.csproj", "{E5E84959-D168-4BCA-8462-CECDAF763B70}"
EndProject
Project("{9A19103F-16F7-4668-BE54-9A1E7A4F7556}") = "KingsGambit", "KingsGambit\KingsGambit.csproj", "{3C1A501F-B20D-46D0-8BA3-9856FF98B792}"
EndProject
Project("{FAE04EC0-301F-11D3-BF4B-00C04F79EFBC}") = "DependencyInversion", "DependencyInversion\DependencyInversion.csproj", "{C6DCB11D-95DD-4E67-98CC-5EACE6C8DD72}"
EndProject
Project("{FAE04EC0-301F-11D3-BF4B-00C04F79EFBC}") = "WorkForce", "WorkForce\WorkForce.csproj", "{1880EBA3-434F-4C78-9F20-EC0A34F29067}"
EndProject
Global
	GlobalSection(SolutionConfigurationPlatforms) = preSolution
		Debug|Any CPU = Debug|Any CPU
		Release|Any CPU = Release|Any CPU
	EndGlobalSection
	GlobalSection(ProjectConfigurationPlatforms) = postSolution
		{E5E84959-D168-4BCA-8462-CECDAF763B70}.Debug|Any CPU.ActiveCfg = Debug|Any CPU
		{E5E84959-D168-4BCA-8462-CECDAF763B70}.Debug|Any CPU.Build.0 = Debug|Any CPU
		{E5E84959-D168-4BCA-8462-CECDAF763B70}.Release|Any CPU.ActiveCfg = Release|Any CPU
		{E5E84959-D168-4BCA-8462-CECDAF763B70}.Release|Any CPU.Build.0 = Release|Any CPU
		{3C1A501F-B20D-46D0-8BA3-9856FF98B792}.Debug|Any CPU.ActiveCfg = Debug|Any CPU
		{3C1A501F-B20D-46D0-8BA3-9856FF98B792}.Debug|Any CPU.Build.0 = Debug|Any CPU
		{3C1A501F-B20D-46D0-8BA3-9856FF98B792}.Release|Any CPU.ActiveCfg = Release|Any CPU
		{3C1A501F-B20D-46D0-8BA3-9856FF98B792}.Release|Any CPU.Build.0 = Release|Any CPU
		{C6DCB11D-95DD-4E67-98CC-5EACE6C8DD72}.Debug|Any CPU.ActiveCfg = Debug|Any CPU
		{C6DCB11D-95DD-4E67-98CC-5EACE6C8DD72}.Debug|Any CPU.Build.0 = Debug|Any CPU
		{C6DCB11D-95DD-4E67-98CC-5EACE6C8DD72}.Release|Any CPU.ActiveCfg = Release|Any CPU
		{C6DCB11D-95DD-4E67-98CC-5EACE6C8DD72}.Release|Any CPU.Build.0 = Release|Any CPU
		{1880EBA3-434F-4C78-9F20-EC0A34F29067}.Debug|Any CPU.ActiveCfg = Debug|Any CPU
		{1880EBA3-434F-4C78-9F20-EC0A34F29067}.Debug|Any CPU.Build.0 = Debug|Any CPU
		{1880EBA3-434F-4C78-9F20-EC0A34F29067}.Release|Any CPU.ActiveCfg = Release|Any CPU
		{1880EBA3-434F-4C78-9F20-EC0A34F29067}.Release|Any CPU.Build.0 = Release|Any CPU
	EndGlobalSection
	GlobalSection(SolutionProperties) = preSolution
		HideSolutionNode = FALSE
	EndGlobalSection
	GlobalSection(ExtensibilityGlobals) = postSolution
		SolutionGuid = {95909643-3079-4E53-B5CB-F55E814C46E0}
	EndGlobalSection
EndGlobal
